// !$*UTF8*$!
{
	archiveVersion = 1;
	classes = {
	};
	objectVersion = 50;
	objects = {

/* Begin PBXBuildFile section */
		1191D6F2223BB185005DE658 /* AppDelegate.swift in Sources */ = {isa = PBXBuildFile; fileRef = 1191D6F1223BB185005DE658 /* AppDelegate.swift */; };
		1191D6F4223BB185005DE658 /* ViewController.swift in Sources */ = {isa = PBXBuildFile; fileRef = 1191D6F3223BB185005DE658 /* ViewController.swift */; };
		1191D6F7223BB185005DE658 /* Main.storyboard in Resources */ = {isa = PBXBuildFile; fileRef = 1191D6F5223BB185005DE658 /* Main.storyboard */; };
		1191D6F9223BB187005DE658 /* Assets.xcassets in Resources */ = {isa = PBXBuildFile; fileRef = 1191D6F8223BB187005DE658 /* Assets.xcassets */; };
		1191D6FC223BB187005DE658 /* LaunchScreen.storyboard in Resources */ = {isa = PBXBuildFile; fileRef = 1191D6FA223BB187005DE658 /* LaunchScreen.storyboard */; };
		1191D707223BBE7F005DE658 /* Quotes.swift in Sources */ = {isa = PBXBuildFile; fileRef = 1191D706223BBE7F005DE658 /* Quotes.swift */; };
		1191D709223BBF95005DE658 /* Utility.swift in Sources */ = {isa = PBXBuildFile; fileRef = 1191D708223BBF95005DE658 /* Utility.swift */; };
		1191D70B223BCCC7005DE658 /* BorderButton.swift in Sources */ = {isa = PBXBuildFile; fileRef = 1191D70A223BCCC7005DE658 /* BorderButton.swift */; };
/* End PBXBuildFile section */

/* Begin PBXFileReference section */
		1191D6EE223BB185005DE658 /* Shamaz.app */ = {isa = PBXFileReference; explicitFileType = wrapper.application; includeInIndex = 0; path = Shamaz.app; sourceTree = BUILT_PRODUCTS_DIR; };
		1191D6F1223BB185005DE658 /* AppDelegate.swift */ = {isa = PBXFileReference; lastKnownFileType = sourcecode.swift; path = AppDelegate.swift; sourceTree = "<group>"; };
		1191D6F3223BB185005DE658 /* ViewController.swift */ = {isa = PBXFileReference; lastKnownFileType = sourcecode.swift; path = ViewController.swift; sourceTree = "<group>"; };
		1191D6F6223BB185005DE658 /* Base */ = {isa = PBXFileReference; lastKnownFileType = file.storyboard; name = Base; path = Base.lproj/Main.storyboard; sourceTree = "<group>"; };
		1191D6F8223BB187005DE658 /* Assets.xcassets */ = {isa = PBXFileReference; lastKnownFileType = folder.assetcatalog; path = Assets.xcassets; sourceTree = "<group>"; };
		1191D6FB223BB187005DE658 /* Base */ = {isa = PBXFileReference; lastKnownFileType = file.storyboard; name = Base; path = Base.lproj/LaunchScreen.storyboard; sourceTree = "<group>"; };
		1191D6FD223BB187005DE658 /* Info.plist */ = {isa = PBXFileReference; lastKnownFileType = text.plist.xml; path = Info.plist; sourceTree = "<group>"; };
		1191D706223BBE7F005DE658 /* Quotes.swift */ = {isa = PBXFileReference; lastKnownFileType = sourcecode.swift; path = Quotes.swift; sourceTree = "<group>"; };
		1191D708223BBF95005DE658 /* Utility.swift */ = {isa = PBXFileReference; lastKnownFileType = sourcecode.swift; path = Utility.swift; sourceTree = "<group>"; };
		1191D70A223BCCC7005DE658 /* BorderButton.swift */ = {isa = PBXFileReference; lastKnownFileType = sourcecode.swift; path = BorderButton.swift; sourceTree = "<group>"; };
/* End PBXFileReference section */

/* Begin PBXFrameworksBuildPhase section */
		1191D6EB223BB185005DE658 /* Frameworks */ = {
			isa = PBXFrameworksBuildPhase;
			buildActionMask = 2147483647;
			files = (
			);
			runOnlyForDeploymentPostprocessing = 0;
		};
/* End PBXFrameworksBuildPhase section */

/* Begin PBXGroup section */
		1191D6E5223BB185005DE658 = {
			isa = PBXGroup;
			children = (
				1191D6F0223BB185005DE658 /* Shamaz */,
				1191D6EF223BB185005DE658 /* Products */,
			);
			sourceTree = "<group>";
		};
		1191D6EF223BB185005DE658 /* Products */ = {
			isa = PBXGroup;
			children = (
				1191D6EE223BB185005DE658 /* Shamaz.app */,
			);
			name = Products;
			sourceTree = "<group>";
		};
		1191D6F0223BB185005DE658 /* Shamaz */ = {
			isa = PBXGroup;
			children = (
				1191D705223BB4B9005DE658 /* Controller */,
				1191D704223BB4B2005DE658 /* View */,
				1191D703223BB4A6005DE658 /* Model */,
				1191D6F8223BB187005DE658 /* Assets.xcassets */,
				1191D6FA223BB187005DE658 /* LaunchScreen.storyboard */,
				1191D6FD223BB187005DE658 /* Info.plist */,
			);
			path = Shamaz;
			sourceTree = "<group>";
		};
		1191D703223BB4A6005DE658 /* Model */ = {
			isa = PBXGroup;
			children = (
				1191D706223BBE7F005DE658 /* Quotes.swift */,
				1191D708223BBF95005DE658 /* Utility.swift */,
			);
			path = Model;
			sourceTree = "<group>";
		};
		1191D704223BB4B2005DE658 /* View */ = {
			isa = PBXGroup;
			children = (
				1191D6F5223BB185005DE658 /* Main.storyboard */,
				1191D70A223BCCC7005DE658 /* BorderButton.swift */,
			);
			path = View;
			sourceTree = "<group>";
		};
		1191D705223BB4B9005DE658 /* Controller */ = {
			isa = PBXGroup;
			children = (
				1191D6F1223BB185005DE658 /* AppDelegate.swift */,
				1191D6F3223BB185005DE658 /* ViewController.swift */,
			);
			path = Controller;
			sourceTree = "<group>";
		};
/* End PBXGroup section */

/* Begin PBXNativeTarget section */
		1191D6ED223BB185005DE658 /* Shamaz */ = {
			isa = PBXNativeTarget;
			buildConfigurationList = 1191D700223BB187005DE658 /* Build configuration list for PBXNativeTarget "Shamaz" */;
			buildPhases = (
				1191D6EA223BB185005DE658 /* Sources */,
				1191D6EB223BB185005DE658 /* Frameworks */,
				1191D6EC223BB185005DE658 /* Resources */,
			);
			buildRules = (
			);
			dependencies = (
			);
			name = Shamaz;
			productName = Shamaz;
			productReference = 1191D6EE223BB185005DE658 /* Shamaz.app */;
			productType = "com.apple.product-type.application";
		};
/* End PBXNativeTarget section */

/* Begin PBXProject section */
		1191D6E6223BB185005DE658 /* Project object */ = {
			isa = PBXProject;
			attributes = {
				LastSwiftUpdateCheck = 1010;
				LastUpgradeCheck = 1010;
				ORGANIZATIONNAME = "Ashutosh Purushottam";
				TargetAttributes = {
					1191D6ED223BB185005DE658 = {
						CreatedOnToolsVersion = 10.1;
					};
				};
			};
			buildConfigurationList = 1191D6E9223BB185005DE658 /* Build configuration list for PBXProject "Shamaz" */;
			compatibilityVersion = "Xcode 9.3";
			developmentRegion = en;
			hasScannedForEncodings = 0;
			knownRegions = (
				en,
				Base,
			);
			mainGroup = 1191D6E5223BB185005DE658;
			productRefGroup = 1191D6EF223BB185005DE658 /* Products */;
			projectDirPath = "";
			projectRoot = "";
			targets = (
				1191D6ED223BB185005DE658 /* Shamaz */,
			);
		};
/* End PBXProject section */

/* Begin PBXResourcesBuildPhase section */
		1191D6EC223BB185005DE658 /* Resources */ = {
			isa = PBXResourcesBuildPhase;
			buildActionMask = 2147483647;
			files = (
				1191D6FC223BB187005DE658 /* LaunchScreen.storyboard in Resources */,
				1191D6F9223BB187005DE658 /* Assets.xcassets in Resources */,
				1191D6F7223BB185005DE658 /* Main.storyboard in Resources */,
			);
			runOnlyForDeploymentPostprocessing = 0;
		};
/* End PBXResourcesBuildPhase section */

/* Begin PBXSourcesBuildPhase section */
		1191D6EA223BB185005DE658 /* Sources */ = {
			isa = PBXSourcesBuildPhase;
			buildActionMask = 2147483647;
			files = (
				1191D709223BBF95005DE658 /* Utility.swift in Sources */,
				1191D6F4223BB185005DE658 /* ViewController.swift in Sources */,
				1191D6F2223BB185005DE658 /* AppDelegate.swift in Sources */,
				1191D70B223BCCC7005DE658 /* BorderButton.swift in Sources */,
				1191D707223BBE7F005DE658 /* Quotes.swift in Sources */,
			);
			runOnlyForDeploymentPostprocessing = 0;
		};
/* End PBXSourcesBuildPhase section */

/* Begin PBXVariantGroup section */
		1191D6F5223BB185005DE658 /* Main.storyboard */ = {
			isa = PBXVariantGroup;
			children = (
				1191D6F6223BB185005DE658 /* Base */,
			);
			name = Main.storyboard;
			sourceTree = "<group>";
		};
		1191D6FA223BB187005DE658 /* LaunchScreen.storyboard */ = {
			isa = PBXVariantGroup;
			children = (
				1191D6FB223BB187005DE658 /* Base */,
			);
			name = LaunchScreen.storyboard;
			sourceTree = "<group>";
		};
/* End PBXVariantGroup section */

/* Begin XCBuildConfiguration section */
		1191D6FE223BB187005DE658 /* Debug */ = {
			isa = XCBuildConfiguration;
			buildSettings = {
				ALWAYS_SEARCH_USER_PATHS = NO;
				CLANG_ANALYZER_NONNULL = YES;
				CLANG_ANALYZER_NUMBER_OBJECT_CONVERSION = YES_AGGRESSIVE;
				CLANG_CXX_LANGUAGE_STANDARD = "gnu++14";
				CLANG_CXX_LIBRARY = "libc++";
				CLANG_ENABLE_MODULES = YES;
				CLANG_ENABLE_OBJC_ARC = YES;
				CLANG_ENABLE_OBJC_WEAK = YES;
				CLANG_WARN_BLOCK_CAPTURE_AUTORELEASING = YES;
				CLANG_WARN_BOOL_CONVERSION = YES;
				CLANG_WARN_COMMA = YES;
				CLANG_WARN_CONSTANT_CONVERSION = YES;
				CLANG_WARN_DEPRECATED_OBJC_IMPLEMENTATIONS = YES;
				CLANG_WARN_DIRECT_OBJC_ISA_USAGE = YES_ERROR;
				CLANG_WARN_DOCUMENTATION_COMMENTS = YES;
				CLANG_WARN_EMPTY_BODY = YES;
				CLANG_WARN_ENUM_CONVERSION = YES;
				CLANG_WARN_INFINITE_RECURSION = YES;
				CLANG_WARN_INT_CONVERSION = YES;
				CLANG_WARN_NON_LITERAL_NULL_CONVERSION = YES;
				CLANG_WARN_OBJC_IMPLICIT_RETAIN_SELF = YES;
				CLANG_WARN_OBJC_LITERAL_CONVERSION = YES;
				CLANG_WARN_OBJC_ROOT_CLASS = YES_ERROR;
				CLANG_WARN_RANGE_LOOP_ANALYSIS = YES;
				CLANG_WARN_STRICT_PROTOTYPES = YES;
				CLANG_WARN_SUSPICIOUS_MOVE = YES;
				CLANG_WARN_UNGUARDED_AVAILABILITY = YES_AGGRESSIVE;
				CLANG_WARN_UNREACHABLE_CODE = YES;
				CLANG_WARN__DUPLICATE_METHOD_MATCH = YES;
				CODE_SIGN_IDENTITY = "iPhone Developer";
				COPY_PHASE_STRIP = NO;
				DEBUG_INFORMATION_FORMAT = dwarf;
				ENABLE_STRICT_OBJC_MSGSEND = YES;
				ENABLE_TESTABILITY = YES;
				GCC_C_LANGUAGE_STANDARD = gnu11;
				GCC_DYNAMIC_NO_PIC = NO;
				GCC_NO_COMMON_BLOCKS = YES;
				GCC_OPTIMIZATION_LEVEL = 0;
				GCC_PREPROCESSOR_DEFINITIONS = (
					"DEBUG=1",
					"$(inherited)",
				);
				GCC_WARN_64_TO_32_BIT_CONVERSION = YES;
				GCC_WARN_ABOUT_RETURN_TYPE = YES_ERROR;
				GCC_WARN_UNDECLARED_SELECTOR = YES;
				GCC_WARN_UNINITIALIZED_AUTOS = YES_AGGRESSIVE;
				GCC_WARN_UNUSED_FUNCTION = YES;
				GCC_WARN_UNUSED_VARIABLE = YES;
				IPHONEOS_DEPLOYMENT_TARGET = 12.1;
				MTL_ENABLE_DEBUG_INFO = INCLUDE_SOURCE;
				MTL_FAST_MATH = YES;
				ONLY_ACTIVE_ARCH = YES;
				SDKROOT = iphoneos;
				SWIFT_ACTIVE_COMPILATION_CONDITIONS = DEBUG;
				SWIFT_OPTIMIZATION_LEVEL = "-Onone";
			};
			name = Debug;
		};
		1191D6FF223BB187005DE658 /* Release */ = {
			isa = XCBuildConfiguration;
			buildSettings = {
				ALWAYS_SEARCH_USER_PATHS = NO;
				CLANG_ANALYZER_NONNULL = YES;
				CLANG_ANALYZER_NUMBER_OBJECT_CONVERSION = YES_AGGRESSIVE;
				CLANG_CXX_LANGUAGE_STANDARD = "gnu++14";
				CLANG_CXX_LIBRARY = "libc++";
				CLANG_ENABLE_MODULES = YES;
				CLANG_ENABLE_OBJC_ARC = YES;
				CLANG_ENABLE_OBJC_WEAK = YES;
				CLANG_WARN_BLOCK_CAPTURE_AUTORELEASING = YES;
				CLANG_WARN_BOOL_CONVERSION = YES;
				CLANG_WARN_COMMA = YES;
				CLANG_WARN_CONSTANT_CONVERSION = YES;
				CLANG_WARN_DEPRECATED_OBJC_IMPLEMENTATIONS = YES;
				CLANG_WARN_DIRECT_OBJC_ISA_USAGE = YES_ERROR;
				CLANG_WARN_DOCUMENTATION_COMMENTS = YES;
				CLANG_WARN_EMPTY_BODY = YES;
				CLANG_WARN_ENUM_CONVERSION = YES;
				CLANG_WARN_INFINITE_RECURSION = YES;
				CLANG_WARN_INT_CONVERSION = YES;
				CLANG_WARN_NON_LITERAL_NULL_CONVERSION = YES;
				CLANG_WARN_OBJC_IMPLICIT_RETAIN_SELF = YES;
				CLANG_WARN_OBJC_LITERAL_CONVERSION = YES;
				CLANG_WARN_OBJC_ROOT_CLASS = YES_ERROR;
				CLANG_WARN_RANGE_LOOP_ANALYSIS = YES;
				CLANG_WARN_STRICT_PROTOTYPES = YES;
				CLANG_WARN_SUSPICIOUS_MOVE = YES;
				CLANG_WARN_UNGUARDED_AVAILABILITY = YES_AGGRESSIVE;
				CLANG_WARN_UNREACHABLE_CODE = YES;
				CLANG_WARN__DUPLICATE_METHOD_MATCH = YES;
				CODE_SIGN_IDENTITY = "iPhone Developer";
				COPY_PHASE_STRIP = NO;
				DEBUG_INFORMATION_FORMAT = "dwarf-with-dsym";
				ENABLE_NS_ASSERTIONS = NO;
				ENABLE_STRICT_OBJC_MSGSEND = YES;
				GCC_C_LANGUAGE_STANDARD = gnu11;
				GCC_NO_COMMON_BLOCKS = YES;
				GCC_WARN_64_TO_32_BIT_CONVERSION = YES;
				GCC_WARN_ABOUT_RETURN_TYPE = YES_ERROR;
				GCC_WARN_UNDECLARED_SELECTOR = YES;
				GCC_WARN_UNINITIALIZED_AUTOS = YES_AGGRESSIVE;
				GCC_WARN_UNUSED_FUNCTION = YES;
				GCC_WARN_UNUSED_VARIABLE = YES;
				IPHONEOS_DEPLOYMENT_TARGET = 12.1;
				MTL_ENABLE_DEBUG_INFO = NO;
				MTL_FAST_MATH = YES;
				SDKROOT = iphoneos;
				SWIFT_COMPILATION_MODE = wholemodule;
				SWIFT_OPTIMIZATION_LEVEL = "-O";
				VALIDATE_PRODUCT = YES;
			};
			name = Release;
		};
		1191D701223BB187005DE658 /* Debug */ = {
			isa = XCBuildConfiguration;
			buildSettings = {
				ASSETCATALOG_COMPILER_APPICON_NAME = AppIcon;
				CODE_SIGN_STYLE = Automatic;
				DEVELOPMENT_TEAM = VW994NNL4W;
				INFOPLIST_FILE = Shamaz/Info.plist;
				LD_RUNPATH_SEARCH_PATHS = (
					"$(inherited)",
					"@executable_path/Frameworks",
				);
				PRODUCT_BUNDLE_IDENTIFIER = com.eigendaksh.Shamaz;
				PRODUCT_NAME = "$(TARGET_NAME)";
				SWIFT_VERSION = 4.2;
				TARGETED_DEVICE_FAMILY = "1,2";
			};
			name = Debug;
		};
		1191D702223BB187005DE658 /* Release */ = {
			isa = XCBuildConfiguration;
			buildSettings = {
				ASSETCATALOG_COMPILER_APPICON_NAME = AppIcon;
				CODE_SIGN_STYLE = Automatic;
				DEVELOPMENT_TEAM = VW994NNL4W;
				INFOPLIST_FILE = Shamaz/Info.plist;
				LD_RUNPATH_SEARCH_PATHS = (
					"$(inherited)",
					"@executable_path/Frameworks",
				);
				PRODUCT_BUNDLE_IDENTIFIER = com.eigendaksh.Shamaz;
				PRODUCT_NAME = "$(TARGET_NAME)";
				SWIFT_VERSION = 4.2;
				TARGETED_DEVICE_FAMILY = "1,2";
			};
			name = Release;
		};
/* End XCBuildConfiguration section */

/* Begin XCConfigurationList section */
		1191D6E9223BB185005DE658 /* Build configuration list for PBXProject "Shamaz" */ = {
			isa = XCConfigurationList;
			buildConfigurations = (
				1191D6FE223BB187005DE658 /* Debug */,
				1191D6FF223BB187005DE658 /* Release */,
			);
			defaultConfigurationIsVisible = 0;
			defaultConfigurationName = Release;
		};
		1191D700223BB187005DE658 /* Build configuration list for PBXNativeTarget "Shamaz" */ = {
			isa = XCConfigurationList;
			buildConfigurations = (
				1191D701223BB187005DE658 /* Debug */,
				1191D702223BB187005DE658 /* Release */,
			);
			defaultConfigurationIsVisible = 0;
			defaultConfigurationName = Release;
		};
/* End XCConfigurationList section */
	};
	rootObject = 1191D6E6223BB185005DE658 /* Project object */;
}
